
Microsoft Visual Studio Solution File, Format Version 12.00
# Visual Studio 15
VisualStudioVersion = 15.0.28307.779
MinimumVisualStudioVersion = 10.0.40219.1
Project("{9A19103F-16F7-4668-BE54-9A1E7A4F7556}") = "GraphQL.With.Rest.Api", "GraphQL.With.Rest.Api.csproj", "{AE065E8B-CE28-4095-9EB8-9B5407F5D071}"
EndProject
Global
	GlobalSection(SolutionConfigurationPlatforms) = preSolution
		Debug|Any CPU = Debug|Any CPU
		Release|Any CPU = Release|Any CPU
	EndGlobalSection
	GlobalSection(ProjectConfigurationPlatforms) = postSolution
		{AE065E8B-CE28-4095-9EB8-9B5407F5D071}.Debug|Any CPU.ActiveCfg = Debug|Any CPU
		{AE065E8B-CE28-4095-9EB8-9B5407F5D071}.Debug|Any CPU.Build.0 = Debug|Any CPU
		{AE065E8B-CE28-4095-9EB8-9B5407F5D071}.Release|Any CPU.ActiveCfg = Release|Any CPU
		{AE065E8B-CE28-4095-9EB8-9B5407F5D071}.Release|Any CPU.Build.0 = Release|Any CPU
	EndGlobalSection
	GlobalSection(SolutionProperties) = preSolution
		HideSolutionNode = FALSE
	EndGlobalSection
	GlobalSection(ExtensibilityGlobals) = postSolution
		SolutionGuid = {EAE4C827-4EB9-49F5-BCE7-4F05734AB21B}
	EndGlobalSection
EndGlobal
